
Microsoft Visual Studio Solution File, Format Version 12.00
# Visual Studio Version 16
VisualStudioVersion = 16.0.30804.86
MinimumVisualStudioVersion = 10.0.40219.1
Project("{FAE04EC0-301F-11D3-BF4B-00C04F79EFBC}") = "LunchBuddies", "LunchBuddies\LunchBuddies.csproj", "{7726E551-8BBC-43DF-BF4B-CFCCB0D853D0}"
EndProject
Global
	GlobalSection(SolutionConfigurationPlatforms) = preSolution
		Debug|Any CPU = Debug|Any CPU
		Release|Any CPU = Release|Any CPU
	EndGlobalSection
	GlobalSection(ProjectConfigurationPlatforms) = postSolution
		{7726E551-8BBC-43DF-BF4B-CFCCB0D853D0}.Debug|Any CPU.ActiveCfg = Debug|Any CPU
		{7726E551-8BBC-43DF-BF4B-CFCCB0D853D0}.Debug|Any CPU.Build.0 = Debug|Any CPU
		{7726E551-8BBC-43DF-BF4B-CFCCB0D853D0}.Release|Any CPU.ActiveCfg = Release|Any CPU
		{7726E551-8BBC-43DF-BF4B-CFCCB0D853D0}.Release|Any CPU.Build.0 = Release|Any CPU
	EndGlobalSection
	GlobalSection(SolutionProperties) = preSolution
		HideSolutionNode = FALSE
	EndGlobalSection
	GlobalSection(ExtensibilityGlobals) = postSolution
		SolutionGuid = {D943917E-8D88-4845-9609-9910E901341F}
	EndGlobalSection
EndGlobal
